<?xml version="1.0" encoding="utf-8"?>
<Project ToolsVersion="4.0" xmlns="http://schemas.microsoft.com/developer/msbuild/2003">
  <ItemGroup>
    <Filter Include="world">
      <UniqueIdentifier>{d38c2c24-8fe0-4542-9ff5-f5679847a554}</UniqueIdentifier>
    </Filter>
    <Filter Include="world\robot">
      <UniqueIdentifier>{e2663044-0385-4bc8-a2ce-1a7302fca951}</UniqueIdentifier>
    </Filter>
    <Filter Include="world\collisions">
      <UniqueIdentifier>{d943f369-158d-4bb6-ad19-dd9cfda81c16}</UniqueIdentifier>
    </Filter>
    <Filter Include="world\collisions\resolvers">
      <UniqueIdentifier>{562b9ec6-a760-4193-b693-ac864c9af2a4}</UniqueIdentifier>
    </Filter>
    <Filter Include="world\robot\components">
      <UniqueIdentifier>{c113eab5-ec01-4b1d-979a-e22c89369f80}</UniqueIdentifier>
    </Filter>
    <Filter Include="world\robot\components\gun">
      <UniqueIdentifier>{bf6e51e5-0029-403d-bc8c-50dd83ecdcb1}</UniqueIdentifier>
    </Filter>
    <Filter Include="world\robot\components\visualscanner">
      <UniqueIdentifier>{502418c7-6328-4ae7-af54-097b8a184dd2}</UniqueIdentifier>
    </Filter>
    <Filter Include="math">
      <UniqueIdentifier>{c45b2602-2fd6-4616-9305-de744b0daf9f}</UniqueIdentifier>
    </Filter>
  </ItemGroup>
  <ItemGroup>
    <ClInclude Include="world\world.h">
      <Filter>world</Filter>
    </ClInclude>
    <ClInclude Include="world\mapelement.h">
      <Filter>world</Filter>
    </ClInclude>
    <ClInclude Include="world\robot\robot.h">
      <Filter>world\robot</Filter>
    </ClInclude>
    <ClInclude Include="world\worldobject.h">
      <Filter>world</Filter>
    </ClInclude>
    <ClInclude Include="world\collisions\collisionchecker.h">
      <Filter>world\collisions</Filter>
    </ClInclude>
    <ClInclude Include="exceptions.h" />
    <ClInclude Include="world\collisions\collisionresolvermaster.h">
      <Filter>world\collisions</Filter>
    </ClInclude>
    <ClInclude Include="world\collisions\exceptions.h">
      <Filter>world\collisions</Filter>
    </ClInclude>
    <ClInclude Include="world\collisions\resolvers\collisionresolver.h">
      <Filter>world\collisions\resolvers</Filter>
    </ClInclude>
    <ClInclude Include="world\collisions\resolvers\collisionresolvers.h">
      <Filter>world\collisions\resolvers</Filter>
    </ClInclude>
    <ClInclude Include="world\collisions\collisions.h">
      <Filter>world\collisions</Filter>
    </ClInclude>
    <ClInclude Include="world\robot\components\runninggear.h">
      <Filter>world\robot\components</Filter>
    </ClInclude>
    <ClInclude Include="world\robot\exceptions.h">
      <Filter>world\robot</Filter>
    </ClInclude>
    <ClInclude Include="world\robot\components\robotcomponent.h">
      <Filter>world\robot\components</Filter>
    </ClInclude>
    <ClInclude Include="world\robot\components\gun\bullet.h">
      <Filter>world\robot\components\gun</Filter>
    </ClInclude>
    <ClInclude Include="world\robot\components\gun\gun.h">
      <Filter>world\robot\components\gun</Filter>
    </ClInclude>
    <ClInclude Include="world\collisions\resolvers\robotcollisionresolver.h">
      <Filter>world\collisions\resolvers</Filter>
    </ClInclude>
    <ClInclude Include="world\robot\task.h">
      <Filter>world\robot</Filter>
    </ClInclude>
    <ClInclude Include="world\collisions\resolvers\bulletcollisionresolver.h">
      <Filter>world\collisions\resolvers</Filter>
    </ClInclude>
    <ClInclude Include="world\robot\components\visualscanner\measurer.h">
      <Filter>world\robot\components\visualscanner</Filter>
    </ClInclude>
    <ClInclude Include="math\math.h">
      <Filter>math</Filter>
    </ClInclude>
  </ItemGroup>
  <ItemGroup>
    <ClCompile Include="world\robot\robot.cpp">
      <Filter>world\robot</Filter>
    </ClCompile>
    <ClCompile Include="world\world.cpp">
      <Filter>world</Filter>
    </ClCompile>
    <ClCompile Include="world\mapelement.cpp">
      <Filter>world</Filter>
    </ClCompile>
    <ClCompile Include="world\collisions\collisionresolvermaster.cpp">
      <Filter>world\collisions</Filter>
    </ClCompile>
    <ClCompile Include="world\robot\components\runninggear.cpp">
      <Filter>world\robot\components</Filter>
    </ClCompile>
    <ClCompile Include="world\collisions\collisionchecker.cpp">
      <Filter>world\collisions</Filter>
    </ClCompile>
    <ClCompile Include="world\robot\components\gun\gun.cpp">
      <Filter>world\robot\components\gun</Filter>
    </ClCompile>
    <ClCompile Include="world\robot\components\gun\bullet.cpp">
      <Filter>world\robot\components\gun</Filter>
    </ClCompile>
    <ClCompile Include="world\collisions\resolvers\robotcollisionresolver.cpp">
      <Filter>world\collisions\resolvers</Filter>
    </ClCompile>
    <ClCompile Include="world\collisions\resolvers\bulletcollisionresolver.cpp">
      <Filter>world\collisions\resolvers</Filter>
    </ClCompile>
    <ClCompile Include="world\robot\components\visualscanner\measurer.cpp">
      <Filter>world\robot\components\visualscanner</Filter>
    </ClCompile>
    <ClCompile Include="math\math.cpp">
      <Filter>math</Filter>
    </ClCompile>
  </ItemGroup>
</Project>