<?xml version="1.0" encoding="UTF-8" standalone="yes" ?>
<CodeBlocks_project_file>
   <FileVersion major="1" minor="6" />
   <Project>
      <Option title="AIWarsLib" />
      <Option makefile_is_custom="1" />
      <Option compiler="gcc" />
      <Option virtualFolders="CMake Files\;" />
      <Build>
      <Target title="all">
         <Option working_dir="/Users/AndrexPJ/Programming/AIWars/ClientLibs/c++/AIWarsLib-build" />
         <Option type="4" />
         <MakeCommands>
            <Build command="/usr/bin/make -f &quot;/Users/AndrexPJ/Programming/AIWars/ClientLibs/c++/AIWarsLib-build/Makefile&quot;  VERBOSE=1 all" />
            <CompileFile command="/usr/bin/make -f &quot;/Users/AndrexPJ/Programming/AIWars/ClientLibs/c++/AIWarsLib-build/Makefile&quot;  VERBOSE=1 &quot;$file&quot;" />
            <Clean command="/usr/bin/make -f &quot;/Users/AndrexPJ/Programming/AIWars/ClientLibs/c++/AIWarsLib-build/Makefile&quot;  VERBOSE=1 clean" />
            <DistClean command="/usr/bin/make -f &quot;/Users/AndrexPJ/Programming/AIWars/ClientLibs/c++/AIWarsLib-build/Makefile&quot;  VERBOSE=1 clean" />
         </MakeCommands>
      </Target>
      <Target title="AIWarsLib">
         <Option output="/Users/AndrexPJ/Programming/AIWars/ClientLibs/c++/AIWarsLib-build/AIWarsLib" prefix_auto="0" extension_auto="0" />
         <Option working_dir="/Users/AndrexPJ/Programming/AIWars/ClientLibs/c++/AIWarsLib-build" />
         <Option object_output="./" />
         <Option type="1" />
         <Option compiler="gcc" />
         <Compiler>
            <Add directory="/Library/Frameworks" />
            <Add directory="/System/Library/Frameworks" />
            <Add directory="/Users/AndrexPJ/Programming/AIWars/ClientLibs/c++/AIWarsLib/." />
            <Add directory="/usr/bin/../lib/clang/4.2/include" />
            <Add directory="/usr/include" />
            <Add directory="/usr/include/c++/4.2.1" />
            <Add directory="/usr/include/c++/4.2.1/backward" />
            <Add directory="/usr/local/include" />
         </Compiler>
         <MakeCommands>
            <Build command="/usr/bin/make -f &quot;/Users/AndrexPJ/Programming/AIWars/ClientLibs/c++/AIWarsLib-build/Makefile&quot;  VERBOSE=1 AIWarsLib" />
            <CompileFile command="/usr/bin/make -f &quot;/Users/AndrexPJ/Programming/AIWars/ClientLibs/c++/AIWarsLib-build/Makefile&quot;  VERBOSE=1 &quot;$file&quot;" />
            <Clean command="/usr/bin/make -f &quot;/Users/AndrexPJ/Programming/AIWars/ClientLibs/c++/AIWarsLib-build/Makefile&quot;  VERBOSE=1 clean" />
            <DistClean command="/usr/bin/make -f &quot;/Users/AndrexPJ/Programming/AIWars/ClientLibs/c++/AIWarsLib-build/Makefile&quot;  VERBOSE=1 clean" />
         </MakeCommands>
      </Target>
      <Target title="AIWarsLib/fast">
         <Option output="/Users/AndrexPJ/Programming/AIWars/ClientLibs/c++/AIWarsLib-build/AIWarsLib" prefix_auto="0" extension_auto="0" />
         <Option working_dir="/Users/AndrexPJ/Programming/AIWars/ClientLibs/c++/AIWarsLib-build" />
         <Option object_output="./" />
         <Option type="1" />
         <Option compiler="gcc" />
         <Compiler>
            <Add directory="/Library/Frameworks" />
            <Add directory="/System/Library/Frameworks" />
            <Add directory="/Users/AndrexPJ/Programming/AIWars/ClientLibs/c++/AIWarsLib/." />
            <Add directory="/usr/bin/../lib/clang/4.2/include" />
            <Add directory="/usr/include" />
            <Add directory="/usr/include/c++/4.2.1" />
            <Add directory="/usr/include/c++/4.2.1/backward" />
            <Add directory="/usr/local/include" />
         </Compiler>
         <MakeCommands>
            <Build command="/usr/bin/make -f &quot;/Users/AndrexPJ/Programming/AIWars/ClientLibs/c++/AIWarsLib-build/Makefile&quot;  VERBOSE=1 AIWarsLib/fast" />
            <CompileFile command="/usr/bin/make -f &quot;/Users/AndrexPJ/Programming/AIWars/ClientLibs/c++/AIWarsLib-build/Makefile&quot;  VERBOSE=1 &quot;$file&quot;" />
            <Clean command="/usr/bin/make -f &quot;/Users/AndrexPJ/Programming/AIWars/ClientLibs/c++/AIWarsLib-build/Makefile&quot;  VERBOSE=1 clean" />
            <DistClean command="/usr/bin/make -f &quot;/Users/AndrexPJ/Programming/AIWars/ClientLibs/c++/AIWarsLib-build/Makefile&quot;  VERBOSE=1 clean" />
         </MakeCommands>
      </Target>
      <Target title="rebuild_cache">
         <Option working_dir="/Users/AndrexPJ/Programming/AIWars/ClientLibs/c++/AIWarsLib-build" />
         <Option type="4" />
         <MakeCommands>
            <Build command="/usr/bin/make -f &quot;/Users/AndrexPJ/Programming/AIWars/ClientLibs/c++/AIWarsLib-build/Makefile&quot;  VERBOSE=1 rebuild_cache" />
            <CompileFile command="/usr/bin/make -f &quot;/Users/AndrexPJ/Programming/AIWars/ClientLibs/c++/AIWarsLib-build/Makefile&quot;  VERBOSE=1 &quot;$file&quot;" />
            <Clean command="/usr/bin/make -f &quot;/Users/AndrexPJ/Programming/AIWars/ClientLibs/c++/AIWarsLib-build/Makefile&quot;  VERBOSE=1 clean" />
            <DistClean command="/usr/bin/make -f &quot;/Users/AndrexPJ/Programming/AIWars/ClientLibs/c++/AIWarsLib-build/Makefile&quot;  VERBOSE=1 clean" />
         </MakeCommands>
      </Target>
      </Build>
      <Unit filename="/Users/AndrexPJ/Programming/AIWars/ClientLibs/c++/AIWarsLib/commands.cpp">
      </Unit>
      <Unit filename="/Users/AndrexPJ/Programming/AIWars/ClientLibs/c++/AIWarsLib/commutator.cpp">
      </Unit>
      <Unit filename="/Users/AndrexPJ/Programming/AIWars/ClientLibs/c++/AIWarsLib/controller.cpp">
      </Unit>
      <Unit filename="/Users/AndrexPJ/Programming/AIWars/ClientLibs/c++/AIWarsLib/main.cpp">
      </Unit>
      <Unit filename="/Users/AndrexPJ/Programming/AIWars/ClientLibs/c++/AIWarsLib/protocol.cpp">
      </Unit>
      <Unit filename="/Users/AndrexPJ/Programming/AIWars/ClientLibs/c++/AIWarsLib/tools.cpp">
      </Unit>
      <Unit filename="/Users/AndrexPJ/Programming/AIWars/ClientLibs/c++/AIWarsLib/commands.h">
      </Unit>
      <Unit filename="/Users/AndrexPJ/Programming/AIWars/ClientLibs/c++/AIWarsLib/commutator.h">
      </Unit>
      <Unit filename="/Users/AndrexPJ/Programming/AIWars/ClientLibs/c++/AIWarsLib/controller.h">
      </Unit>
      <Unit filename="/Users/AndrexPJ/Programming/AIWars/ClientLibs/c++/AIWarsLib/protocol.h">
      </Unit>
      <Unit filename="/Users/AndrexPJ/Programming/AIWars/ClientLibs/c++/AIWarsLib/tools.h">
      </Unit>
      <Unit filename="/Users/AndrexPJ/Programming/AIWars/ClientLibs/c++/AIWarsLib/CMakeLists.txt">
          <Option virtualFolder="CMake Files\" />
      </Unit>
   </Project>
</CodeBlocks_project_file>
