
Microsoft Visual Studio Solution File, Format Version 12.00
# Visual Studio 2012
Project("{8BC9CEB8-8B4A-11D0-8D11-00A0C91BC942}") = "GameServer", "GameServer\GameServer.vcxproj", "{8F069DB2-ED4B-47E5-B559-06782306018B}"
EndProject
Project("{8BC9CEB8-8B4A-11D0-8D11-00A0C91BC942}") = "WebHandler", "..\WebHandler\WebHandler\WebHandler.vcxproj", "{C2708994-C296-4497-AA52-FBCB554EDAD2}"
EndProject
Project("{8BC9CEB8-8B4A-11D0-8D11-00A0C91BC942}") = "ServerStarter", "ServerStarter\ServerStarter.vcxproj", "{337EA671-FEE4-476F-9222-BFF5CC9F90FA}"
EndProject
Project("{8BC9CEB8-8B4A-11D0-8D11-00A0C91BC942}") = "Tests", "Tests\Tests.vcxproj", "{F490EEAF-A905-4392-8844-56F5AA65BA36}"
EndProject
Project("{8BC9CEB8-8B4A-11D0-8D11-00A0C91BC942}") = "Console", "Console\Console.vcxproj", "{BCBE678D-DD3C-4A28-842B-94B704C1FAB6}"
EndProject
Global
	GlobalSection(SolutionConfigurationPlatforms) = preSolution
		Debug|Win32 = Debug|Win32
		Release|Win32 = Release|Win32
	EndGlobalSection
	GlobalSection(ProjectConfigurationPlatforms) = postSolution
		{8F069DB2-ED4B-47E5-B559-06782306018B}.Debug|Win32.ActiveCfg = Debug|Win32
		{8F069DB2-ED4B-47E5-B559-06782306018B}.Debug|Win32.Build.0 = Debug|Win32
		{8F069DB2-ED4B-47E5-B559-06782306018B}.Release|Win32.ActiveCfg = Release|Win32
		{8F069DB2-ED4B-47E5-B559-06782306018B}.Release|Win32.Build.0 = Release|Win32
		{C2708994-C296-4497-AA52-FBCB554EDAD2}.Debug|Win32.ActiveCfg = Debug|Win32
		{C2708994-C296-4497-AA52-FBCB554EDAD2}.Debug|Win32.Build.0 = Debug|Win32
		{C2708994-C296-4497-AA52-FBCB554EDAD2}.Release|Win32.ActiveCfg = Release|Win32
		{C2708994-C296-4497-AA52-FBCB554EDAD2}.Release|Win32.Build.0 = Release|Win32
		{337EA671-FEE4-476F-9222-BFF5CC9F90FA}.Debug|Win32.ActiveCfg = Debug|Win32
		{337EA671-FEE4-476F-9222-BFF5CC9F90FA}.Debug|Win32.Build.0 = Debug|Win32
		{337EA671-FEE4-476F-9222-BFF5CC9F90FA}.Release|Win32.ActiveCfg = Release|Win32
		{337EA671-FEE4-476F-9222-BFF5CC9F90FA}.Release|Win32.Build.0 = Release|Win32
		{F490EEAF-A905-4392-8844-56F5AA65BA36}.Debug|Win32.ActiveCfg = Debug|Win32
		{F490EEAF-A905-4392-8844-56F5AA65BA36}.Debug|Win32.Build.0 = Debug|Win32
		{F490EEAF-A905-4392-8844-56F5AA65BA36}.Release|Win32.ActiveCfg = Release|Win32
		{F490EEAF-A905-4392-8844-56F5AA65BA36}.Release|Win32.Build.0 = Release|Win32
		{BCBE678D-DD3C-4A28-842B-94B704C1FAB6}.Debug|Win32.ActiveCfg = Debug|Win32
		{BCBE678D-DD3C-4A28-842B-94B704C1FAB6}.Debug|Win32.Build.0 = Debug|Win32
		{BCBE678D-DD3C-4A28-842B-94B704C1FAB6}.Release|Win32.ActiveCfg = Release|Win32
		{BCBE678D-DD3C-4A28-842B-94B704C1FAB6}.Release|Win32.Build.0 = Release|Win32
	EndGlobalSection
	GlobalSection(SolutionProperties) = preSolution
		HideSolutionNode = FALSE
	EndGlobalSection
EndGlobal
