<?xml version="1.0" encoding="utf-8"?>
<Project ToolsVersion="4.0" xmlns="http://schemas.microsoft.com/developer/msbuild/2003">
  <ItemGroup>
    <Filter Include="GameServer">
      <UniqueIdentifier>{4FC737F1-C7A5-4376-A066-2A32D752A2FF}</UniqueIdentifier>
      <Extensions>cpp;c;cc;cxx;def;odl;idl;hpj;bat;asm;asmx</Extensions>
    </Filter>
    <Filter Include="GameServer\world">
      <UniqueIdentifier>{631bdfa4-71ad-4564-9996-d9ee0c9e8ee2}</UniqueIdentifier>
    </Filter>
    <Filter Include="GameServer\world\collisions">
      <UniqueIdentifier>{f8f2b00b-c585-4894-958b-8a36a20eb7d3}</UniqueIdentifier>
    </Filter>
  </ItemGroup>
  <ItemGroup>
    <ClCompile Include="CollisionResolverMasterTest.cpp">
      <Filter>GameServer\world\collisions</Filter>
    </ClCompile>
  </ItemGroup>
</Project>