<?xml version="1.0" encoding="utf-8"?>
<Project ToolsVersion="4.0" xmlns="http://schemas.microsoft.com/developer/msbuild/2003">
  <ItemGroup>
    <ClInclude Include="WebHandler.h" />
    <ClInclude Include="Utils.h" />
    <ClInclude Include="HttpRequest.h" />
    <ClInclude Include="HttpResponse.h" />
    <ClInclude Include="Client.h" />
    <ClInclude Include="WebSocketPacket.h" />
    <ClInclude Include="Serializable.h" />
    <ClInclude Include="messages\Message.h">
      <Filter>messages</Filter>
    </ClInclude>
  </ItemGroup>
  <ItemGroup>
    <ClCompile Include="WebHandler.cpp" />
    <ClCompile Include="Utils.cpp" />
    <ClCompile Include="HttpRequest.cpp" />
    <ClCompile Include="HttpResponse.cpp" />
    <ClCompile Include="Client.cpp" />
    <ClCompile Include="base64.cpp" />
    <ClCompile Include="WebSocketPacket.cpp" />
    <ClCompile Include="messages\Info.cpp">
      <Filter>messages</Filter>
    </ClCompile>
    <ClCompile Include="messages\Action.cpp">
      <Filter>messages</Filter>
    </ClCompile>
  </ItemGroup>
  <ItemGroup>
    <Text Include="readme.txt" />
  </ItemGroup>
  <ItemGroup>
    <Filter Include="messages">
      <UniqueIdentifier>{e49986fc-8aa7-4728-bd96-188f20133e2e}</UniqueIdentifier>
    </Filter>
  </ItemGroup>
</Project>